<?xml version="1.0" encoding="utf-8"?>
<Project ToolsVersion="4.0" xmlns="http://schemas.microsoft.com/developer/msbuild/2003">
  <ItemGroup>
    <Filter Include="Source Files">
      <UniqueIdentifier>{4FC737F1-C7A5-4376-A066-2A32D752A2FF}</UniqueIdentifier>
      <Extensions>cpp;c;cc;cxx;c++;cppm;ixx;def;odl;idl;hpj;bat;asm;asmx</Extensions>
    </Filter>
    <Filter Include="Header Files">
      <UniqueIdentifier>{93995380-89BD-4b04-88EB-625FBE52EBFB}</UniqueIdentifier>
      <Extensions>h;hh;hpp;hxx;h++;hm;inl;inc;ipp;xsd</Extensions>
    </Filter>
    <Filter Include="Resource Files">
      <UniqueIdentifier>{67DA6AB6-F800-4c08-8B7A-83BB121AAD01}</UniqueIdentifier>
      <Extensions>rc;ico;cur;bmp;dlg;rc2;rct;bin;rgs;gif;jpg;jpeg;jpe;resx;tiff;tif;png;wav;mfcribbon-ms</Extensions>
    </Filter>
  </ItemGroup>
  <ItemGroup>
    <ClCompile Include="..\a_action.c">
      <Filter>Source Files</Filter>
    </ClCompile>
    <ClCompile Include="..\am_map.c">
      <Filter>Source Files</Filter>
    </ClCompile>
    <ClCompile Include="..\ct_chat.c">
      <Filter>Source Files</Filter>
    </ClCompile>
    <ClCompile Include="..\d_net.c">
      <Filter>Source Files</Filter>
    </ClCompile>
    <ClCompile Include="..\f_finale.c">
      <Filter>Source Files</Filter>
    </ClCompile>
    <ClCompile Include="..\g_game.c">
      <Filter>Source Files</Filter>
    </ClCompile>
    <ClCompile Include="..\h_hubmsg.c">
      <Filter>Source Files</Filter>
    </ClCompile>
    <ClCompile Include="..\h2_main.c">
      <Filter>Source Files</Filter>
    </ClCompile>
    <ClCompile Include="..\i_sdl.c">
      <Filter>Source Files</Filter>
    </ClCompile>
    <ClCompile Include="..\i_sdlmixer.c">
      <Filter>Source Files</Filter>
    </ClCompile>
    <ClCompile Include="..\i_system.c">
      <Filter>Source Files</Filter>
    </ClCompile>
    <ClCompile Include="..\in_lude.c">
      <Filter>Source Files</Filter>
    </ClCompile>
    <ClCompile Include="..\info.c">
      <Filter>Source Files</Filter>
    </ClCompile>
    <ClCompile Include="..\m_misc.c">
      <Filter>Source Files</Filter>
    </ClCompile>
    <ClCompile Include="..\mn_menu.c">
      <Filter>Source Files</Filter>
    </ClCompile>
    <ClCompile Include="..\mus.c">
      <Filter>Source Files</Filter>
    </ClCompile>
    <ClCompile Include="..\p_acs.c">
      <Filter>Source Files</Filter>
    </ClCompile>
    <ClCompile Include="..\p_anim.c">
      <Filter>Source Files</Filter>
    </ClCompile>
    <ClCompile Include="..\p_ceilng.c">
      <Filter>Source Files</Filter>
    </ClCompile>
    <ClCompile Include="..\p_doors.c">
      <Filter>Source Files</Filter>
    </ClCompile>
    <ClCompile Include="..\p_enemy.c">
      <Filter>Source Files</Filter>
    </ClCompile>
    <ClCompile Include="..\p_floor.c">
      <Filter>Source Files</Filter>
    </ClCompile>
    <ClCompile Include="..\p_inter.c">
      <Filter>Source Files</Filter>
    </ClCompile>
    <ClCompile Include="..\p_lights.c">
      <Filter>Source Files</Filter>
    </ClCompile>
    <ClCompile Include="..\p_map.c">
      <Filter>Source Files</Filter>
    </ClCompile>
    <ClCompile Include="..\p_maputl.c">
      <Filter>Source Files</Filter>
    </ClCompile>
    <ClCompile Include="..\p_mobj.c">
      <Filter>Source Files</Filter>
    </ClCompile>
    <ClCompile Include="..\p_plats.c">
      <Filter>Source Files</Filter>
    </ClCompile>
    <ClCompile Include="..\p_pspr.c">
      <Filter>Source Files</Filter>
    </ClCompile>
    <ClCompile Include="..\p_setup.c">
      <Filter>Source Files</Filter>
    </ClCompile>
    <ClCompile Include="..\p_sight.c">
      <Filter>Source Files</Filter>
    </ClCompile>
    <ClCompile Include="..\p_spec.c">
      <Filter>Source Files</Filter>
    </ClCompile>
    <ClCompile Include="..\p_switch.c">
      <Filter>Source Files</Filter>
    </ClCompile>
    <ClCompile Include="..\p_telept.c">
      <Filter>Source Files</Filter>
    </ClCompile>
    <ClCompile Include="..\p_things.c">
      <Filter>Source Files</Filter>
    </ClCompile>
    <ClCompile Include="..\p_tick.c">
      <Filter>Source Files</Filter>
    </ClCompile>
    <ClCompile Include="..\p_user.c">
      <Filter>Source Files</Filter>
    </ClCompile>
    <ClCompile Include="..\po_man.c">
      <Filter>Source Files</Filter>
    </ClCompile>
    <ClCompile Include="..\r_bsp.c">
      <Filter>Source Files</Filter>
    </ClCompile>
    <ClCompile Include="..\r_data.c">
      <Filter>Source Files</Filter>
    </ClCompile>
    <ClCompile Include="..\r_draw.c">
      <Filter>Source Files</Filter>
    </ClCompile>
    <ClCompile Include="..\r_main.c">
      <Filter>Source Files</Filter>
    </ClCompile>
    <ClCompile Include="..\r_plane.c">
      <Filter>Source Files</Filter>
    </ClCompile>
    <ClCompile Include="..\r_segs.c">
      <Filter>Source Files</Filter>
    </ClCompile>
    <ClCompile Include="..\r_things.c">
      <Filter>Source Files</Filter>
    </ClCompile>
    <ClCompile Include="..\s_sound.c">
      <Filter>Source Files</Filter>
    </ClCompile>
    <ClCompile Include="..\sb_bar.c">
      <Filter>Source Files</Filter>
    </ClCompile>
    <ClCompile Include="..\sc_man.c">
      <Filter>Source Files</Filter>
    </ClCompile>
    <ClCompile Include="..\sn_sonix.c">
      <Filter>Source Files</Filter>
    </ClCompile>
    <ClCompile Include="..\st_start.c">
      <Filter>Source Files</Filter>
    </ClCompile>
    <ClCompile Include="..\sv_save.c">
      <Filter>Source Files</Filter>
    </ClCompile>
    <ClCompile Include="..\tables.c">
      <Filter>Source Files</Filter>
    </ClCompile>
    <ClCompile Include="..\template.c">
      <Filter>Source Files</Filter>
    </ClCompile>
    <ClCompile Include="..\v_video.c">
      <Filter>Source Files</Filter>
    </ClCompile>
    <ClCompile Include="..\w_wad.c">
      <Filter>Source Files</Filter>
    </ClCompile>
    <ClCompile Include="..\z_zone.c">
      <Filter>Source Files</Filter>
    </ClCompile>
  </ItemGroup>
  <ItemGroup>
    <ClInclude Include="..\am_data.h">
      <Filter>Header Files</Filter>
    </ClInclude>
    <ClInclude Include="..\am_map.h">
      <Filter>Header Files</Filter>
    </ClInclude>
    <ClInclude Include="..\h_hubmsg.h">
      <Filter>Header Files</Filter>
    </ClInclude>
    <ClInclude Include="..\h2def.h">
      <Filter>Header Files</Filter>
    </ClInclude>
    <ClInclude Include="..\h2stdinc.h">
      <Filter>Header Files</Filter>
    </ClInclude>
    <ClInclude Include="..\i_cdmus.h">
      <Filter>Header Files</Filter>
    </ClInclude>
    <ClInclude Include="..\i_sound.h">
      <Filter>Header Files</Filter>
    </ClInclude>
    <ClInclude Include="..\info.h">
      <Filter>Header Files</Filter>
    </ClInclude>
    <ClInclude Include="..\m_bams.h">
      <Filter>Header Files</Filter>
    </ClInclude>
    <ClInclude Include="..\mus.h">
      <Filter>Header Files</Filter>
    </ClInclude>
    <ClInclude Include="..\p_local.h">
      <Filter>Header Files</Filter>
    </ClInclude>
    <ClInclude Include="..\p_spec.h">
      <Filter>Header Files</Filter>
    </ClInclude>
    <ClInclude Include="..\r_local.h">
      <Filter>Header Files</Filter>
    </ClInclude>
    <ClInclude Include="..\resource.h">
      <Filter>Header Files</Filter>
    </ClInclude>
    <ClInclude Include="..\sounds.h">
      <Filter>Header Files</Filter>
    </ClInclude>
    <ClInclude Include="..\soundst.h">
      <Filter>Header Files</Filter>
    </ClInclude>
    <ClInclude Include="..\st_start.h">
      <Filter>Header Files</Filter>
    </ClInclude>
    <ClInclude Include="..\sv_save.h">
      <Filter>Header Files</Filter>
    </ClInclude>
    <ClInclude Include="..\textdefs.h">
      <Filter>Header Files</Filter>
    </ClInclude>
    <ClInclude Include="..\transtb10.h">
      <Filter>Header Files</Filter>
    </ClInclude>
    <ClInclude Include="..\transtb11.h">
      <Filter>Header Files</Filter>
    </ClInclude>
    <ClInclude Include="..\v_compat.h">
      <Filter>Header Files</Filter>
    </ClInclude>
    <ClInclude Include="..\xddefs.h">
      <Filter>Header Files</Filter>
    </ClInclude>
  </ItemGroup>
  <ItemGroup>
    <ResourceCompile Include="..\nakedhexen.rc">
      <Filter>Resource Files</Filter>
    </ResourceCompile>
  </ItemGroup>
</Project>